
Microsoft Visual Studio Solution File, Format Version 12.00
# Visual Studio Version 16
VisualStudioVersion = 16.0.31624.102
MinimumVisualStudioVersion = 10.0.40219.1
Project("{FAE04EC0-301F-11D3-BF4B-00C04F79EFBC}") = "GitProject", "GitProject.csproj", "{4F8F8992-80B2-4D80-808D-AD10BBF29C3C}"
EndProject
Global
	GlobalSection(SolutionConfigurationPlatforms) = preSolution
		Debug|Any CPU = Debug|Any CPU
		Release|Any CPU = Release|Any CPU
	EndGlobalSection
	GlobalSection(ProjectConfigurationPlatforms) = postSolution
		{4F8F8992-80B2-4D80-808D-AD10BBF29C3C}.Debug|Any CPU.ActiveCfg = Debug|Any CPU
		{4F8F8992-80B2-4D80-808D-AD10BBF29C3C}.Debug|Any CPU.Build.0 = Debug|Any CPU
		{4F8F8992-80B2-4D80-808D-AD10BBF29C3C}.Release|Any CPU.ActiveCfg = Release|Any CPU
		{4F8F8992-80B2-4D80-808D-AD10BBF29C3C}.Release|Any CPU.Build.0 = Release|Any CPU
	EndGlobalSection
	GlobalSection(SolutionProperties) = preSolution
		HideSolutionNode = FALSE
	EndGlobalSection
	GlobalSection(ExtensibilityGlobals) = postSolution
		SolutionGuid = {2BC1C6D1-BA13-4F24-87EB-FEEBA5A8BD20}
	EndGlobalSection
EndGlobal
